
Microsoft Visual Studio Solution File, Format Version 12.00
# Visual Studio 15
VisualStudioVersion = 15.0.27130.2027
MinimumVisualStudioVersion = 10.0.40219.1
Project("{FAE04EC0-301F-11D3-BF4B-00C04F79EFBC}") = "MakePdfPlugin", "MakePdfPlugin\MakePdfPlugin.csproj", "{05EAECE5-EE27-4FF9-BE71-AF9D66906484}"
EndProject
Project("{FAE04EC0-301F-11D3-BF4B-00C04F79EFBC}") = "PdfMaker", "PdfMaker\PdfMaker.csproj", "{D8A27EE1-671A-4A40-B3AE-C8395F8E7950}"
EndProject
Project("{FAE04EC0-301F-11D3-BF4B-00C04F79EFBC}") = "PdfUtilityTools", "PdfUtilityTools\PdfUtilityTools.csproj", "{D883D1AB-019A-48C5-8875-4CC40FDDC5BF}"
EndProject
Project("{FAE04EC0-301F-11D3-BF4B-00C04F79EFBC}") = "PdfUtility", "PdfUtility\PdfUtility.csproj", "{01C5F0B8-6C2C-4082-BF0B-81C5DBB07C53}"
EndProject
Global
	GlobalSection(SolutionConfigurationPlatforms) = preSolution
		Debug|Any CPU = Debug|Any CPU
		Release|Any CPU = Release|Any CPU
	EndGlobalSection
	GlobalSection(ProjectConfigurationPlatforms) = postSolution
		{05EAECE5-EE27-4FF9-BE71-AF9D66906484}.Debug|Any CPU.ActiveCfg = Debug|Any CPU
		{05EAECE5-EE27-4FF9-BE71-AF9D66906484}.Debug|Any CPU.Build.0 = Debug|Any CPU
		{05EAECE5-EE27-4FF9-BE71-AF9D66906484}.Release|Any CPU.ActiveCfg = Release|Any CPU
		{05EAECE5-EE27-4FF9-BE71-AF9D66906484}.Release|Any CPU.Build.0 = Release|Any CPU
		{D8A27EE1-671A-4A40-B3AE-C8395F8E7950}.Debug|Any CPU.ActiveCfg = Debug|Any CPU
		{D8A27EE1-671A-4A40-B3AE-C8395F8E7950}.Debug|Any CPU.Build.0 = Debug|Any CPU
		{D8A27EE1-671A-4A40-B3AE-C8395F8E7950}.Release|Any CPU.ActiveCfg = Release|Any CPU
		{D8A27EE1-671A-4A40-B3AE-C8395F8E7950}.Release|Any CPU.Build.0 = Release|Any CPU
		{D883D1AB-019A-48C5-8875-4CC40FDDC5BF}.Debug|Any CPU.ActiveCfg = Debug|Any CPU
		{D883D1AB-019A-48C5-8875-4CC40FDDC5BF}.Debug|Any CPU.Build.0 = Debug|Any CPU
		{D883D1AB-019A-48C5-8875-4CC40FDDC5BF}.Release|Any CPU.ActiveCfg = Release|Any CPU
		{D883D1AB-019A-48C5-8875-4CC40FDDC5BF}.Release|Any CPU.Build.0 = Release|Any CPU
		{01C5F0B8-6C2C-4082-BF0B-81C5DBB07C53}.Debug|Any CPU.ActiveCfg = Debug|Any CPU
		{01C5F0B8-6C2C-4082-BF0B-81C5DBB07C53}.Debug|Any CPU.Build.0 = Debug|Any CPU
		{01C5F0B8-6C2C-4082-BF0B-81C5DBB07C53}.Release|Any CPU.ActiveCfg = Release|Any CPU
		{01C5F0B8-6C2C-4082-BF0B-81C5DBB07C53}.Release|Any CPU.Build.0 = Release|Any CPU
	EndGlobalSection
	GlobalSection(SolutionProperties) = preSolution
		HideSolutionNode = FALSE
	EndGlobalSection
	GlobalSection(ExtensibilityGlobals) = postSolution
		SolutionGuid = {EE0AB15A-A5A6-4D38-950E-65E540DAFBD7}
	EndGlobalSection
EndGlobal
